
Microsoft Visual Studio Solution File, Format Version 12.00
# Visual Studio Version 17
VisualStudioVersion = 17.10.35013.160
MinimumVisualStudioVersion = 10.0.40219.1
Project("{9A19103F-16F7-4668-BE54-9A1E7A4F7556}") = "Homework1 Calculator", "Homework1 Calculator.csproj", "{65C207BF-1DC4-4ED6-93F9-116AFF5B2202}"
EndProject
Project("{9A19103F-16F7-4668-BE54-9A1E7A4F7556}") = "Homework2 Arrays", "..\Homework2\Homework2 Arrays.csproj", "{FB381AAE-3FBA-4AFA-813F-13C78FE5272D}"
EndProject
Project("{9A19103F-16F7-4668-BE54-9A1E7A4F7556}") = "Homework3 Cycles", "..\Homework3 Cycles\Homework3 Cycles.csproj", "{19F445FB-EE5F-48D4-A5C3-93C5B4ED7A8B}"
EndProject
Project("{FAE04EC0-301F-11D3-BF4B-00C04F79EFBC}") = "Homework4 Basic RPG", "..\Homework4 Basic RPG\Homework4 Basic RPG.csproj", "{46A2463C-8E85-4543-A9D0-B0AC7CA830BC}"
EndProject
Global
	GlobalSection(SolutionConfigurationPlatforms) = preSolution
		Debug|Any CPU = Debug|Any CPU
		Release|Any CPU = Release|Any CPU
	EndGlobalSection
	GlobalSection(ProjectConfigurationPlatforms) = postSolution
		{65C207BF-1DC4-4ED6-93F9-116AFF5B2202}.Debug|Any CPU.ActiveCfg = Debug|Any CPU
		{65C207BF-1DC4-4ED6-93F9-116AFF5B2202}.Debug|Any CPU.Build.0 = Debug|Any CPU
		{65C207BF-1DC4-4ED6-93F9-116AFF5B2202}.Release|Any CPU.ActiveCfg = Release|Any CPU
		{65C207BF-1DC4-4ED6-93F9-116AFF5B2202}.Release|Any CPU.Build.0 = Release|Any CPU
		{FB381AAE-3FBA-4AFA-813F-13C78FE5272D}.Debug|Any CPU.ActiveCfg = Debug|Any CPU
		{FB381AAE-3FBA-4AFA-813F-13C78FE5272D}.Debug|Any CPU.Build.0 = Debug|Any CPU
		{FB381AAE-3FBA-4AFA-813F-13C78FE5272D}.Release|Any CPU.ActiveCfg = Release|Any CPU
		{FB381AAE-3FBA-4AFA-813F-13C78FE5272D}.Release|Any CPU.Build.0 = Release|Any CPU
		{19F445FB-EE5F-48D4-A5C3-93C5B4ED7A8B}.Debug|Any CPU.ActiveCfg = Debug|Any CPU
		{19F445FB-EE5F-48D4-A5C3-93C5B4ED7A8B}.Debug|Any CPU.Build.0 = Debug|Any CPU
		{19F445FB-EE5F-48D4-A5C3-93C5B4ED7A8B}.Release|Any CPU.ActiveCfg = Release|Any CPU
		{19F445FB-EE5F-48D4-A5C3-93C5B4ED7A8B}.Release|Any CPU.Build.0 = Release|Any CPU
		{46A2463C-8E85-4543-A9D0-B0AC7CA830BC}.Debug|Any CPU.ActiveCfg = Debug|Any CPU
		{46A2463C-8E85-4543-A9D0-B0AC7CA830BC}.Debug|Any CPU.Build.0 = Debug|Any CPU
		{46A2463C-8E85-4543-A9D0-B0AC7CA830BC}.Release|Any CPU.ActiveCfg = Release|Any CPU
		{46A2463C-8E85-4543-A9D0-B0AC7CA830BC}.Release|Any CPU.Build.0 = Release|Any CPU
	EndGlobalSection
	GlobalSection(SolutionProperties) = preSolution
		HideSolutionNode = FALSE
	EndGlobalSection
	GlobalSection(ExtensibilityGlobals) = postSolution
		SolutionGuid = {52211978-31AF-42C5-9E6D-E083EE799B41}
	EndGlobalSection
EndGlobal
