
Microsoft Visual Studio Solution File, Format Version 12.00
# Visual Studio Version 17
VisualStudioVersion = 17.10.35013.160
MinimumVisualStudioVersion = 10.0.40219.1
Project("{FAE04EC0-301F-11D3-BF4B-00C04F79EFBC}") = "HWProject", "HWProject.csproj", "{0A2F8393-2DF5-41C9-A784-6BCFA7AF3CE3}"
EndProject
Global
	GlobalSection(SolutionConfigurationPlatforms) = preSolution
		Debug|Any CPU = Debug|Any CPU
		Release|Any CPU = Release|Any CPU
	EndGlobalSection
	GlobalSection(ProjectConfigurationPlatforms) = postSolution
		{0A2F8393-2DF5-41C9-A784-6BCFA7AF3CE3}.Debug|Any CPU.ActiveCfg = Debug|Any CPU
		{0A2F8393-2DF5-41C9-A784-6BCFA7AF3CE3}.Debug|Any CPU.Build.0 = Debug|Any CPU
		{0A2F8393-2DF5-41C9-A784-6BCFA7AF3CE3}.Release|Any CPU.ActiveCfg = Release|Any CPU
		{0A2F8393-2DF5-41C9-A784-6BCFA7AF3CE3}.Release|Any CPU.Build.0 = Release|Any CPU
	EndGlobalSection
	GlobalSection(SolutionProperties) = preSolution
		HideSolutionNode = FALSE
	EndGlobalSection
	GlobalSection(ExtensibilityGlobals) = postSolution
		SolutionGuid = {232A9B52-A603-470B-823D-6C5EBF1FC069}
	EndGlobalSection
EndGlobal
